# @generated - this file is auto-generated by `mise lock` https://mise.jdx.dev/dev-tools/mise-lock.html

[[tools.node]]
version = "22.14.0"
backend = "core:node"

[tools.node."platforms.linux-arm64"]
checksum = "sha256:8cf30ff7250f9463b53c18f89c6c606dfda70378215b2c905d0a9a8b08bd45e0"
url = "https://nodejs.org/dist/v22.14.0/node-v22.14.0-linux-arm64.tar.gz"

[tools.node."platforms.linux-arm64-musl"]
checksum = "sha256:6c4e31ed5702dc45cfd8c435af56a36a474427e1bd7afe74c346136060beba8a"
url = "https://nodejs.org/dist/v22.14.0/node-v22.14.0.tar.gz"
install = "source"

[tools.node."platforms.linux-x64"]
checksum = "sha256:9d942932535988091034dc94cc5f42b6dc8784d6366df3a36c4c9ccb3996f0c2"
url = "https://nodejs.org/dist/v22.14.0/node-v22.14.0-linux-x64.tar.gz"

[tools.node."platforms.linux-x64-musl"]
checksum = "sha256:6b50f327fd5053b5e4ba67de4bf93aa23653d8a9de39bd6f905f839069c7933d"
url = "https://unofficial-builds.nodejs.org/download/release/v22.14.0/node-v22.14.0-linux-x64-musl.tar.gz"

[tools.node."platforms.macos-arm64"]
checksum = "sha256:e9404633bc02a5162c5c573b1e2490f5fb44648345d64a958b17e325729a5e42"
url = "https://nodejs.org/dist/v22.14.0/node-v22.14.0-darwin-arm64.tar.gz"

[tools.node."platforms.macos-x64"]
checksum = "sha256:6698587713ab565a94a360e091df9f6d91c8fadda6d00f0cf6526e9b40bed250"
url = "https://nodejs.org/dist/v22.14.0/node-v22.14.0-darwin-x64.tar.gz"

[tools.node."platforms.windows-x64"]
checksum = "sha256:55b639295920b219bb2acbcfa00f90393a2789095b7323f79475c9f34795f217"
url = "https://nodejs.org/dist/v22.14.0/node-v22.14.0-win-x64.zip"

[[tools.pnpm]]
version = "11.20.0"
backend = "aqua:pnpm/pnpm"

[tools.pnpm."platforms.linux-arm64"]
checksum = "sha256:f00fc2041bb41742b7943bf2bb24183ad20320e8384824a8031eb94edf2f57a5"
url = "https://github.com/pnpm/pnpm/releases/download/v11.20.0/pnpm-linux-arm64.tar.gz"
url_api = "https://api.github.com/repos/pnpm/pnpm/releases/assets/500142378"
provenance = "github-attestations"

[tools.pnpm."platforms.linux-arm64-musl"]
checksum = "sha256:2a21235d3f0fbfbcb9e530b9a98f2c64dcee95d1d5d1c2d04428255c7b85f32c"
url = "https://github.com/pnpm/pnpm/releases/download/v11.20.0/pnpm-linux-arm64-musl.tar.gz"
url_api = "https://api.github.com/repos/pnpm/pnpm/releases/assets/500142372"
provenance = "github-attestations"

[tools.pnpm."platforms.linux-x64"]
checksum = "sha256:b4ad6ad2b21db2f8cd50af416c3aa148ba704c31c84893f465a770a01c2c4572"
url = "https://github.com/pnpm/pnpm/releases/download/v11.20.0/pnpm-linux-x64.tar.gz"
url_api = "https://api.github.com/repos/pnpm/pnpm/releases/assets/500142376"
provenance = "github-attestations"

[tools.pnpm."platforms.linux-x64-musl"]
checksum = "sha256:db046881c027f1a2d69e9a530a21a62c2bced4ba8ff437e7300426ae56951fe4"
url = "https://github.com/pnpm/pnpm/releases/download/v11.20.0/pnpm-linux-x64-musl.tar.gz"
url_api = "https://api.github.com/repos/pnpm/pnpm/releases/assets/500142377"
provenance = "github-attestations"

[tools.pnpm."platforms.macos-arm64"]
checksum = "sha256:4bc97fea72e5c92eec1fefc8d410c35d01e0d0d52f3160c59f38c32db58b5cd2"
url = "https://github.com/pnpm/pnpm/releases/download/v11.20.0/pnpm-darwin-arm64.tar.gz"
url_api = "https://api.github.com/repos/pnpm/pnpm/releases/assets/500142373"
provenance = "github-attestations"

[tools.pnpm."platforms.windows-x64"]
checksum = "sha256:ea2528bdc3d96a1ff3c35587dc48ca692b39d77f08f26df4adeaaa9eb427024e"
url = "https://github.com/pnpm/pnpm/releases/download/v11.20.0/pnpm-win32-x64.zip"
url_api = "https://api.github.com/repos/pnpm/pnpm/releases/assets/500142371"
provenance = "github-attestations"

[[tools.terraform]]
version = "1.10.5"
backend = "aqua:hashicorp/terraform"

[tools.terraform."platforms.linux-arm64"]
checksum = "sha256:0ca5d6977c7c46bfa4bbe030030b911e897cf0cb72bff5525fb76c10f1c3409a"
url = "https://releases.hashicorp.com/terraform/1.10.5/terraform_1.10.5_linux_arm64.zip"

[tools.terraform."platforms.linux-arm64-musl"]
checksum = "sha256:0ca5d6977c7c46bfa4bbe030030b911e897cf0cb72bff5525fb76c10f1c3409a"
url = "https://releases.hashicorp.com/terraform/1.10.5/terraform_1.10.5_linux_arm64.zip"

[tools.terraform."platforms.linux-x64"]
checksum = "sha256:0566a24f5332098b15716ebc394be503f4094acba5ba529bf5eb0698ed5e2a90"
url = "https://releases.hashicorp.com/terraform/1.10.5/terraform_1.10.5_linux_amd64.zip"

[tools.terraform."platforms.linux-x64-musl"]
checksum = "sha256:0566a24f5332098b15716ebc394be503f4094acba5ba529bf5eb0698ed5e2a90"
url = "https://releases.hashicorp.com/terraform/1.10.5/terraform_1.10.5_linux_amd64.zip"

[tools.terraform."platforms.macos-arm64"]
checksum = "sha256:51910553dae21dab7f5f55912129602fd902e68a6b6d84b326a556a3e140b98b"
url = "https://releases.hashicorp.com/terraform/1.10.5/terraform_1.10.5_darwin_arm64.zip"

[tools.terraform."platforms.macos-x64"]
checksum = "sha256:4164db242076c7e99ac6aec67bc42b366925b97267e3883edaca4e4e408b082e"
url = "https://releases.hashicorp.com/terraform/1.10.5/terraform_1.10.5_darwin_amd64.zip"

[tools.terraform."platforms.windows-x64"]
checksum = "sha256:4e2c6b7232aa30026baf9fe575f1bf4006c2a0cbbcdcbd244573dc188b439239"
url = "https://releases.hashicorp.com/terraform/1.10.5/terraform_1.10.5_windows_amd64.zip"
